
Microsoft Visual Studio Solution File, Format Version 12.00
# Visual Studio 15
VisualStudioVersion = 15.0.26206.0
MinimumVisualStudioVersion = 10.0.40219.1
Project("{FAE04EC0-301F-11D3-BF4B-00C04F79EFBC}") = "JsonDB", "JsonDB\JsonDB.csproj", "{49CEACAF-2D9C-477D-A44A-1E3414489212}"
EndProject
Project("{FAE04EC0-301F-11D3-BF4B-00C04F79EFBC}") = "Test", "Test\Test.csproj", "{6BF1DB12-C5F1-4380-8343-3715044E1EBA}"
EndProject
Global
	GlobalSection(SolutionConfigurationPlatforms) = preSolution
		Debug|Any CPU = Debug|Any CPU
		Release|Any CPU = Release|Any CPU
	EndGlobalSection
	GlobalSection(ProjectConfigurationPlatforms) = postSolution
		{49CEACAF-2D9C-477D-A44A-1E3414489212}.Debug|Any CPU.ActiveCfg = Debug|Any CPU
		{49CEACAF-2D9C-477D-A44A-1E3414489212}.Debug|Any CPU.Build.0 = Debug|Any CPU
		{49CEACAF-2D9C-477D-A44A-1E3414489212}.Release|Any CPU.ActiveCfg = Release|Any CPU
		{49CEACAF-2D9C-477D-A44A-1E3414489212}.Release|Any CPU.Build.0 = Release|Any CPU
		{6BF1DB12-C5F1-4380-8343-3715044E1EBA}.Debug|Any CPU.ActiveCfg = Debug|Any CPU
		{6BF1DB12-C5F1-4380-8343-3715044E1EBA}.Debug|Any CPU.Build.0 = Debug|Any CPU
		{6BF1DB12-C5F1-4380-8343-3715044E1EBA}.Release|Any CPU.ActiveCfg = Release|Any CPU
		{6BF1DB12-C5F1-4380-8343-3715044E1EBA}.Release|Any CPU.Build.0 = Release|Any CPU
	EndGlobalSection
	GlobalSection(SolutionProperties) = preSolution
		HideSolutionNode = FALSE
	EndGlobalSection
EndGlobal
